{
  "name": "mannaplus_website",
  "version": "1.0.0",
  "lockfileVersion": 3,
  "requires": true,
  "packages": {
    "": {
      "name": "mannaplus_website",
      "version": "1.0.0",
      "license": "ISC",
      "devDependencies": {
        "pages-plugin-asset-negotiation": "^0.1.5"
      }
    },
    "node_modules/pages-plugin-asset-negotiation": {
      "version": "0.1.5",
      "resolved": "https://registry.npmjs.org/pages-plugin-asset-negotiation/-/pages-plugin-asset-negotiation-0.1.5.tgz",
      "integrity": "sha512-RLh+d/hOJUotGPjJvw698YFi4xrEoY13640Gha3AFK0w+U9AUq9kPq2lwc94jNH00Z8TKwIvCApiYuNl+B6d7Q==",
      "dev": true,
      "license": "MIT",
      "engines": {
        "node": ">=16"
      }
    }
  }
}
